
Microsoft Visual Studio Solution File, Format Version 12.00
# Visual Studio 15
VisualStudioVersion = 15.0.28307.421
MinimumVisualStudioVersion = 10.0.40219.1
Project("{FAE04EC0-301F-11D3-BF4B-00C04F79EFBC}") = "TillApp.Android", "TillApp\TillApp.Android\TillApp.Android.csproj", "{E5CD73E1-56DD-428F-BEF7-A521C037BF29}"
EndProject
Project("{FAE04EC0-301F-11D3-BF4B-00C04F79EFBC}") = "TillApp.iOS", "TillApp\TillApp.iOS\TillApp.iOS.csproj", "{5874581F-8767-4C93-BDCE-95FD12452B14}"
EndProject
Project("{FAE04EC0-301F-11D3-BF4B-00C04F79EFBC}") = "TillApp.UWP", "TillApp\TillApp.UWP\TillApp.UWP.csproj", "{2F659DDF-554A-4C05-A4CA-6B5BC2C0D817}"
EndProject
Project("{FAE04EC0-301F-11D3-BF4B-00C04F79EFBC}") = "TillApp", "TillApp\TillApp\TillApp.csproj", "{454883A4-1497-4C09-8854-3A16A6B1AC84}"
EndProject
Global
	GlobalSection(SolutionConfigurationPlatforms) = preSolution
		Ad-Hoc|Any CPU = Ad-Hoc|Any CPU
		Ad-Hoc|ARM = Ad-Hoc|ARM
		Ad-Hoc|iPhone = Ad-Hoc|iPhone
		Ad-Hoc|iPhoneSimulator = Ad-Hoc|iPhoneSimulator
		Ad-Hoc|x64 = Ad-Hoc|x64
		Ad-Hoc|x86 = Ad-Hoc|x86
		AppStore|Any CPU = AppStore|Any CPU
		AppStore|ARM = AppStore|ARM
		AppStore|iPhone = AppStore|iPhone
		AppStore|iPhoneSimulator = AppStore|iPhoneSimulator
		AppStore|x64 = AppStore|x64
		AppStore|x86 = AppStore|x86
		Debug|Any CPU = Debug|Any CPU
		Debug|ARM = Debug|ARM
		Debug|iPhone = Debug|iPhone
		Debug|iPhoneSimulator = Debug|iPhoneSimulator
		Debug|x64 = Debug|x64
		Debug|x86 = Debug|x86
		Release|Any CPU = Release|Any CPU
		Release|ARM = Release|ARM
		Release|iPhone = Release|iPhone
		Release|iPhoneSimulator = Release|iPhoneSimulator
		Release|x64 = Release|x64
		Release|x86 = Release|x86
	EndGlobalSection
	GlobalSection(ProjectConfigurationPlatforms) = postSolution
		{E5CD73E1-56DD-428F-BEF7-A521C037BF29}.Ad-Hoc|Any CPU.ActiveCfg = Release|Any CPU
		{E5CD73E1-56DD-428F-BEF7-A521C037BF29}.Ad-Hoc|Any CPU.Build.0 = Release|Any CPU
		{E5CD73E1-56DD-428F-BEF7-A521C037BF29}.Ad-Hoc|Any CPU.Deploy.0 = Release|Any CPU
		{E5CD73E1-56DD-428F-BEF7-A521C037BF29}.Ad-Hoc|ARM.ActiveCfg = Release|Any CPU
		{E5CD73E1-56DD-428F-BEF7-A521C037BF29}.Ad-Hoc|ARM.Build.0 = Release|Any CPU
		{E5CD73E1-56DD-428F-BEF7-A521C037BF29}.Ad-Hoc|ARM.Deploy.0 = Release|Any CPU
		{E5CD73E1-56DD-428F-BEF7-A521C037BF29}.Ad-Hoc|iPhone.ActiveCfg = Release|Any CPU
		{E5CD73E1-56DD-428F-BEF7-A521C037BF29}.Ad-Hoc|iPhone.Build.0 = Release|Any CPU
		{E5CD73E1-56DD-428F-BEF7-A521C037BF29}.Ad-Hoc|iPhone.Deploy.0 = Release|Any CPU
		{E5CD73E1-56DD-428F-BEF7-A521C037BF29}.Ad-Hoc|iPhoneSimulator.ActiveCfg = Release|Any CPU
		{E5CD73E1-56DD-428F-BEF7-A521C037BF29}.Ad-Hoc|iPhoneSimulator.Build.0 = Release|Any CPU
		{E5CD73E1-56DD-428F-BEF7-A521C037BF29}.Ad-Hoc|iPhoneSimulator.Deploy.0 = Release|Any CPU
		{E5CD73E1-56DD-428F-BEF7-A521C037BF29}.Ad-Hoc|x64.ActiveCfg = Release|Any CPU
		{E5CD73E1-56DD-428F-BEF7-A521C037BF29}.Ad-Hoc|x64.Build.0 = Release|Any CPU
		{E5CD73E1-56DD-428F-BEF7-A521C037BF29}.Ad-Hoc|x64.Deploy.0 = Release|Any CPU
		{E5CD73E1-56DD-428F-BEF7-A521C037BF29}.Ad-Hoc|x86.ActiveCfg = Release|Any CPU
		{E5CD73E1-56DD-428F-BEF7-A521C037BF29}.Ad-Hoc|x86.Build.0 = Release|Any CPU
		{E5CD73E1-56DD-428F-BEF7-A521C037BF29}.Ad-Hoc|x86.Deploy.0 = Release|Any CPU
		{E5CD73E1-56DD-428F-BEF7-A521C037BF29}.AppStore|Any CPU.ActiveCfg = Release|Any CPU
		{E5CD73E1-56DD-428F-BEF7-A521C037BF29}.AppStore|Any CPU.Build.0 = Release|Any CPU
		{E5CD73E1-56DD-428F-BEF7-A521C037BF29}.AppStore|Any CPU.Deploy.0 = Release|Any CPU
		{E5CD73E1-56DD-428F-BEF7-A521C037BF29}.AppStore|ARM.ActiveCfg = Release|Any CPU
		{E5CD73E1-56DD-428F-BEF7-A521C037BF29}.AppStore|ARM.Build.0 = Release|Any CPU
		{E5CD73E1-56DD-428F-BEF7-A521C037BF29}.AppStore|ARM.Deploy.0 = Release|Any CPU
		{E5CD73E1-56DD-428F-BEF7-A521C037BF29}.AppStore|iPhone.ActiveCfg = Release|Any CPU
		{E5CD73E1-56DD-428F-BEF7-A521C037BF29}.AppStore|iPhone.Build.0 = Release|Any CPU
		{E5CD73E1-56DD-428F-BEF7-A521C037BF29}.AppStore|iPhone.Deploy.0 = Release|Any CPU
		{E5CD73E1-56DD-428F-BEF7-A521C037BF29}.AppStore|iPhoneSimulator.ActiveCfg = Release|Any CPU
		{E5CD73E1-56DD-428F-BEF7-A521C037BF29}.AppStore|iPhoneSimulator.Build.0 = Release|Any CPU
		{E5CD73E1-56DD-428F-BEF7-A521C037BF29}.AppStore|iPhoneSimulator.Deploy.0 = Release|Any CPU
		{E5CD73E1-56DD-428F-BEF7-A521C037BF29}.AppStore|x64.ActiveCfg = Release|Any CPU
		{E5CD73E1-56DD-428F-BEF7-A521C037BF29}.AppStore|x64.Build.0 = Release|Any CPU
		{E5CD73E1-56DD-428F-BEF7-A521C037BF29}.AppStore|x64.Deploy.0 = Release|Any CPU
		{E5CD73E1-56DD-428F-BEF7-A521C037BF29}.AppStore|x86.ActiveCfg = Release|Any CPU
		{E5CD73E1-56DD-428F-BEF7-A521C037BF29}.AppStore|x86.Build.0 = Release|Any CPU
		{E5CD73E1-56DD-428F-BEF7-A521C037BF29}.AppStore|x86.Deploy.0 = Release|Any CPU
		{E5CD73E1-56DD-428F-BEF7-A521C037BF29}.Debug|Any CPU.ActiveCfg = Debug|Any CPU
		{E5CD73E1-56DD-428F-BEF7-A521C037BF29}.Debug|Any CPU.Build.0 = Debug|Any CPU
		{E5CD73E1-56DD-428F-BEF7-A521C037BF29}.Debug|Any CPU.Deploy.0 = Debug|Any CPU
		{E5CD73E1-56DD-428F-BEF7-A521C037BF29}.Debug|ARM.ActiveCfg = Debug|Any CPU
		{E5CD73E1-56DD-428F-BEF7-A521C037BF29}.Debug|ARM.Build.0 = Debug|Any CPU
		{E5CD73E1-56DD-428F-BEF7-A521C037BF29}.Debug|ARM.Deploy.0 = Debug|Any CPU
		{E5CD73E1-56DD-428F-BEF7-A521C037BF29}.Debug|iPhone.ActiveCfg = Debug|Any CPU
		{E5CD73E1-56DD-428F-BEF7-A521C037BF29}.Debug|iPhone.Build.0 = Debug|Any CPU
		{E5CD73E1-56DD-428F-BEF7-A521C037BF29}.Debug|iPhone.Deploy.0 = Debug|Any CPU
		{E5CD73E1-56DD-428F-BEF7-A521C037BF29}.Debug|iPhoneSimulator.ActiveCfg = Debug|Any CPU
		{E5CD73E1-56DD-428F-BEF7-A521C037BF29}.Debug|iPhoneSimulator.Build.0 = Debug|Any CPU
		{E5CD73E1-56DD-428F-BEF7-A521C037BF29}.Debug|iPhoneSimulator.Deploy.0 = Debug|Any CPU
		{E5CD73E1-56DD-428F-BEF7-A521C037BF29}.Debug|x64.ActiveCfg = Debug|Any CPU
		{E5CD73E1-56DD-428F-BEF7-A521C037BF29}.Debug|x64.Build.0 = Debug|Any CPU
		{E5CD73E1-56DD-428F-BEF7-A521C037BF29}.Debug|x64.Deploy.0 = Debug|Any CPU
		{E5CD73E1-56DD-428F-BEF7-A521C037BF29}.Debug|x86.ActiveCfg = Debug|Any CPU
		{E5CD73E1-56DD-428F-BEF7-A521C037BF29}.Debug|x86.Build.0 = Debug|Any CPU
		{E5CD73E1-56DD-428F-BEF7-A521C037BF29}.Debug|x86.Deploy.0 = Debug|Any CPU
		{E5CD73E1-56DD-428F-BEF7-A521C037BF29}.Release|Any CPU.ActiveCfg = Release|Any CPU
		{E5CD73E1-56DD-428F-BEF7-A521C037BF29}.Release|Any CPU.Build.0 = Release|Any CPU
		{E5CD73E1-56DD-428F-BEF7-A521C037BF29}.Release|Any CPU.Deploy.0 = Release|Any CPU
		{E5CD73E1-56DD-428F-BEF7-A521C037BF29}.Release|ARM.ActiveCfg = Release|Any CPU
		{E5CD73E1-56DD-428F-BEF7-A521C037BF29}.Release|ARM.Build.0 = Release|Any CPU
		{E5CD73E1-56DD-428F-BEF7-A521C037BF29}.Release|ARM.Deploy.0 = Release|Any CPU
		{E5CD73E1-56DD-428F-BEF7-A521C037BF29}.Release|iPhone.ActiveCfg = Release|Any CPU
		{E5CD73E1-56DD-428F-BEF7-A521C037BF29}.Release|iPhone.Build.0 = Release|Any CPU
		{E5CD73E1-56DD-428F-BEF7-A521C037BF29}.Release|iPhone.Deploy.0 = Release|Any CPU
		{E5CD73E1-56DD-428F-BEF7-A521C037BF29}.Release|iPhoneSimulator.ActiveCfg = Release|Any CPU
		{E5CD73E1-56DD-428F-BEF7-A521C037BF29}.Release|iPhoneSimulator.Build.0 = Release|Any CPU
		{E5CD73E1-56DD-428F-BEF7-A521C037BF29}.Release|iPhoneSimulator.Deploy.0 = Release|Any CPU
		{E5CD73E1-56DD-428F-BEF7-A521C037BF29}.Release|x64.ActiveCfg = Release|Any CPU
		{E5CD73E1-56DD-428F-BEF7-A521C037BF29}.Release|x64.Build.0 = Release|Any CPU
		{E5CD73E1-56DD-428F-BEF7-A521C037BF29}.Release|x64.Deploy.0 = Release|Any CPU
		{E5CD73E1-56DD-428F-BEF7-A521C037BF29}.Release|x86.ActiveCfg = Release|Any CPU
		{E5CD73E1-56DD-428F-BEF7-A521C037BF29}.Release|x86.Build.0 = Release|Any CPU
		{E5CD73E1-56DD-428F-BEF7-A521C037BF29}.Release|x86.Deploy.0 = Release|Any CPU
		{5874581F-8767-4C93-BDCE-95FD12452B14}.Ad-Hoc|Any CPU.ActiveCfg = Ad-Hoc|iPhone
		{5874581F-8767-4C93-BDCE-95FD12452B14}.Ad-Hoc|Any CPU.Build.0 = Ad-Hoc|iPhone
		{5874581F-8767-4C93-BDCE-95FD12452B14}.Ad-Hoc|Any CPU.Deploy.0 = Ad-Hoc|iPhone
		{5874581F-8767-4C93-BDCE-95FD12452B14}.Ad-Hoc|ARM.ActiveCfg = Ad-Hoc|iPhone
		{5874581F-8767-4C93-BDCE-95FD12452B14}.Ad-Hoc|ARM.Build.0 = Ad-Hoc|iPhone
		{5874581F-8767-4C93-BDCE-95FD12452B14}.Ad-Hoc|ARM.Deploy.0 = Ad-Hoc|iPhone
		{5874581F-8767-4C93-BDCE-95FD12452B14}.Ad-Hoc|iPhone.ActiveCfg = Ad-Hoc|iPhone
		{5874581F-8767-4C93-BDCE-95FD12452B14}.Ad-Hoc|iPhone.Build.0 = Ad-Hoc|iPhone
		{5874581F-8767-4C93-BDCE-95FD12452B14}.Ad-Hoc|iPhone.Deploy.0 = Ad-Hoc|iPhone
		{5874581F-8767-4C93-BDCE-95FD12452B14}.Ad-Hoc|iPhoneSimulator.ActiveCfg = Ad-Hoc|iPhoneSimulator
		{5874581F-8767-4C93-BDCE-95FD12452B14}.Ad-Hoc|iPhoneSimulator.Build.0 = Ad-Hoc|iPhoneSimulator
		{5874581F-8767-4C93-BDCE-95FD12452B14}.Ad-Hoc|iPhoneSimulator.Deploy.0 = Ad-Hoc|iPhoneSimulator
		{5874581F-8767-4C93-BDCE-95FD12452B14}.Ad-Hoc|x64.ActiveCfg = Ad-Hoc|iPhone
		{5874581F-8767-4C93-BDCE-95FD12452B14}.Ad-Hoc|x64.Build.0 = Ad-Hoc|iPhone
		{5874581F-8767-4C93-BDCE-95FD12452B14}.Ad-Hoc|x64.Deploy.0 = Ad-Hoc|iPhone
		{5874581F-8767-4C93-BDCE-95FD12452B14}.Ad-Hoc|x86.ActiveCfg = Ad-Hoc|iPhone
		{5874581F-8767-4C93-BDCE-95FD12452B14}.Ad-Hoc|x86.Build.0 = Ad-Hoc|iPhone
		{5874581F-8767-4C93-BDCE-95FD12452B14}.Ad-Hoc|x86.Deploy.0 = Ad-Hoc|iPhone
		{5874581F-8767-4C93-BDCE-95FD12452B14}.AppStore|Any CPU.ActiveCfg = AppStore|iPhone
		{5874581F-8767-4C93-BDCE-95FD12452B14}.AppStore|Any CPU.Build.0 = AppStore|iPhone
		{5874581F-8767-4C93-BDCE-95FD12452B14}.AppStore|Any CPU.Deploy.0 = AppStore|iPhone
		{5874581F-8767-4C93-BDCE-95FD12452B14}.AppStore|ARM.ActiveCfg = AppStore|iPhone
		{5874581F-8767-4C93-BDCE-95FD12452B14}.AppStore|ARM.Build.0 = AppStore|iPhone
		{5874581F-8767-4C93-BDCE-95FD12452B14}.AppStore|ARM.Deploy.0 = AppStore|iPhone
		{5874581F-8767-4C93-BDCE-95FD12452B14}.AppStore|iPhone.ActiveCfg = AppStore|iPhone
		{5874581F-8767-4C93-BDCE-95FD12452B14}.AppStore|iPhone.Build.0 = AppStore|iPhone
		{5874581F-8767-4C93-BDCE-95FD12452B14}.AppStore|iPhone.Deploy.0 = AppStore|iPhone
		{5874581F-8767-4C93-BDCE-95FD12452B14}.AppStore|iPhoneSimulator.ActiveCfg = AppStore|iPhoneSimulator
		{5874581F-8767-4C93-BDCE-95FD12452B14}.AppStore|iPhoneSimulator.Build.0 = AppStore|iPhoneSimulator
		{5874581F-8767-4C93-BDCE-95FD12452B14}.AppStore|iPhoneSimulator.Deploy.0 = AppStore|iPhoneSimulator
		{5874581F-8767-4C93-BDCE-95FD12452B14}.AppStore|x64.ActiveCfg = AppStore|iPhone
		{5874581F-8767-4C93-BDCE-95FD12452B14}.AppStore|x64.Build.0 = AppStore|iPhone
		{5874581F-8767-4C93-BDCE-95FD12452B14}.AppStore|x64.Deploy.0 = AppStore|iPhone
		{5874581F-8767-4C93-BDCE-95FD12452B14}.AppStore|x86.ActiveCfg = AppStore|iPhone
		{5874581F-8767-4C93-BDCE-95FD12452B14}.AppStore|x86.Build.0 = AppStore|iPhone
		{5874581F-8767-4C93-BDCE-95FD12452B14}.AppStore|x86.Deploy.0 = AppStore|iPhone
		{5874581F-8767-4C93-BDCE-95FD12452B14}.Debug|Any CPU.ActiveCfg = Debug|iPhoneSimulator
		{5874581F-8767-4C93-BDCE-95FD12452B14}.Debug|Any CPU.Build.0 = Debug|iPhoneSimulator
		{5874581F-8767-4C93-BDCE-95FD12452B14}.Debug|Any CPU.Deploy.0 = Debug|iPhoneSimulator
		{5874581F-8767-4C93-BDCE-95FD12452B14}.Debug|ARM.ActiveCfg = Debug|iPhone
		{5874581F-8767-4C93-BDCE-95FD12452B14}.Debug|ARM.Build.0 = Debug|iPhone
		{5874581F-8767-4C93-BDCE-95FD12452B14}.Debug|ARM.Deploy.0 = Debug|iPhone
		{5874581F-8767-4C93-BDCE-95FD12452B14}.Debug|iPhone.ActiveCfg = Debug|iPhone
		{5874581F-8767-4C93-BDCE-95FD12452B14}.Debug|iPhone.Build.0 = Debug|iPhone
		{5874581F-8767-4C93-BDCE-95FD12452B14}.Debug|iPhone.Deploy.0 = Debug|iPhone
		{5874581F-8767-4C93-BDCE-95FD12452B14}.Debug|iPhoneSimulator.ActiveCfg = Debug|iPhoneSimulator
		{5874581F-8767-4C93-BDCE-95FD12452B14}.Debug|iPhoneSimulator.Build.0 = Debug|iPhoneSimulator
		{5874581F-8767-4C93-BDCE-95FD12452B14}.Debug|iPhoneSimulator.Deploy.0 = Debug|iPhoneSimulator
		{5874581F-8767-4C93-BDCE-95FD12452B14}.Debug|x64.ActiveCfg = Debug|iPhone
		{5874581F-8767-4C93-BDCE-95FD12452B14}.Debug|x64.Build.0 = Debug|iPhone
		{5874581F-8767-4C93-BDCE-95FD12452B14}.Debug|x64.Deploy.0 = Debug|iPhone
		{5874581F-8767-4C93-BDCE-95FD12452B14}.Debug|x86.ActiveCfg = Debug|iPhone
		{5874581F-8767-4C93-BDCE-95FD12452B14}.Debug|x86.Build.0 = Debug|iPhone
		{5874581F-8767-4C93-BDCE-95FD12452B14}.Debug|x86.Deploy.0 = Debug|iPhone
		{5874581F-8767-4C93-BDCE-95FD12452B14}.Release|Any CPU.ActiveCfg = Release|iPhone
		{5874581F-8767-4C93-BDCE-95FD12452B14}.Release|Any CPU.Build.0 = Release|iPhone
		{5874581F-8767-4C93-BDCE-95FD12452B14}.Release|Any CPU.Deploy.0 = Release|iPhone
		{5874581F-8767-4C93-BDCE-95FD12452B14}.Release|ARM.ActiveCfg = Release|iPhone
		{5874581F-8767-4C93-BDCE-95FD12452B14}.Release|ARM.Build.0 = Release|iPhone
		{5874581F-8767-4C93-BDCE-95FD12452B14}.Release|ARM.Deploy.0 = Release|iPhone
		{5874581F-8767-4C93-BDCE-95FD12452B14}.Release|iPhone.ActiveCfg = Release|iPhone
		{5874581F-8767-4C93-BDCE-95FD12452B14}.Release|iPhone.Build.0 = Release|iPhone
		{5874581F-8767-4C93-BDCE-95FD12452B14}.Release|iPhone.Deploy.0 = Release|iPhone
		{5874581F-8767-4C93-BDCE-95FD12452B14}.Release|iPhoneSimulator.ActiveCfg = Release|iPhoneSimulator
		{5874581F-8767-4C93-BDCE-95FD12452B14}.Release|iPhoneSimulator.Build.0 = Release|iPhoneSimulator
		{5874581F-8767-4C93-BDCE-95FD12452B14}.Release|iPhoneSimulator.Deploy.0 = Release|iPhoneSimulator
		{5874581F-8767-4C93-BDCE-95FD12452B14}.Release|x64.ActiveCfg = Release|iPhone
		{5874581F-8767-4C93-BDCE-95FD12452B14}.Release|x64.Build.0 = Release|iPhone
		{5874581F-8767-4C93-BDCE-95FD12452B14}.Release|x64.Deploy.0 = Release|iPhone
		{5874581F-8767-4C93-BDCE-95FD12452B14}.Release|x86.ActiveCfg = Release|iPhone
		{5874581F-8767-4C93-BDCE-95FD12452B14}.Release|x86.Build.0 = Release|iPhone
		{5874581F-8767-4C93-BDCE-95FD12452B14}.Release|x86.Deploy.0 = Release|iPhone
		{2F659DDF-554A-4C05-A4CA-6B5BC2C0D817}.Ad-Hoc|Any CPU.ActiveCfg = Release|x86
		{2F659DDF-554A-4C05-A4CA-6B5BC2C0D817}.Ad-Hoc|Any CPU.Build.0 = Release|x86
		{2F659DDF-554A-4C05-A4CA-6B5BC2C0D817}.Ad-Hoc|Any CPU.Deploy.0 = Release|x86
		{2F659DDF-554A-4C05-A4CA-6B5BC2C0D817}.Ad-Hoc|ARM.ActiveCfg = Release|ARM
		{2F659DDF-554A-4C05-A4CA-6B5BC2C0D817}.Ad-Hoc|ARM.Build.0 = Release|ARM
		{2F659DDF-554A-4C05-A4CA-6B5BC2C0D817}.Ad-Hoc|ARM.Deploy.0 = Release|ARM
		{2F659DDF-554A-4C05-A4CA-6B5BC2C0D817}.Ad-Hoc|iPhone.ActiveCfg = Release|x86
		{2F659DDF-554A-4C05-A4CA-6B5BC2C0D817}.Ad-Hoc|iPhone.Build.0 = Release|x86
		{2F659DDF-554A-4C05-A4CA-6B5BC2C0D817}.Ad-Hoc|iPhone.Deploy.0 = Release|x86
		{2F659DDF-554A-4C05-A4CA-6B5BC2C0D817}.Ad-Hoc|iPhoneSimulator.ActiveCfg = Release|x86
		{2F659DDF-554A-4C05-A4CA-6B5BC2C0D817}.Ad-Hoc|iPhoneSimulator.Build.0 = Release|x86
		{2F659DDF-554A-4C05-A4CA-6B5BC2C0D817}.Ad-Hoc|iPhoneSimulator.Deploy.0 = Release|x86
		{2F659DDF-554A-4C05-A4CA-6B5BC2C0D817}.Ad-Hoc|x64.ActiveCfg = Release|x64
		{2F659DDF-554A-4C05-A4CA-6B5BC2C0D817}.Ad-Hoc|x64.Build.0 = Release|x64
		{2F659DDF-554A-4C05-A4CA-6B5BC2C0D817}.Ad-Hoc|x64.Deploy.0 = Release|x64
		{2F659DDF-554A-4C05-A4CA-6B5BC2C0D817}.Ad-Hoc|x86.ActiveCfg = Release|x86
		{2F659DDF-554A-4C05-A4CA-6B5BC2C0D817}.Ad-Hoc|x86.Build.0 = Release|x86
		{2F659DDF-554A-4C05-A4CA-6B5BC2C0D817}.Ad-Hoc|x86.Deploy.0 = Release|x86
		{2F659DDF-554A-4C05-A4CA-6B5BC2C0D817}.AppStore|Any CPU.ActiveCfg = Release|x86
		{2F659DDF-554A-4C05-A4CA-6B5BC2C0D817}.AppStore|Any CPU.Build.0 = Release|x86
		{2F659DDF-554A-4C05-A4CA-6B5BC2C0D817}.AppStore|Any CPU.Deploy.0 = Release|x86
		{2F659DDF-554A-4C05-A4CA-6B5BC2C0D817}.AppStore|ARM.ActiveCfg = Release|ARM
		{2F659DDF-554A-4C05-A4CA-6B5BC2C0D817}.AppStore|ARM.Build.0 = Release|ARM
		{2F659DDF-554A-4C05-A4CA-6B5BC2C0D817}.AppStore|ARM.Deploy.0 = Release|ARM
		{2F659DDF-554A-4C05-A4CA-6B5BC2C0D817}.AppStore|iPhone.ActiveCfg = Release|x86
		{2F659DDF-554A-4C05-A4CA-6B5BC2C0D817}.AppStore|iPhone.Build.0 = Release|x86
		{2F659DDF-554A-4C05-A4CA-6B5BC2C0D817}.AppStore|iPhone.Deploy.0 = Release|x86
		{2F659DDF-554A-4C05-A4CA-6B5BC2C0D817}.AppStore|iPhoneSimulator.ActiveCfg = Release|x86
		{2F659DDF-554A-4C05-A4CA-6B5BC2C0D817}.AppStore|iPhoneSimulator.Build.0 = Release|x86
		{2F659DDF-554A-4C05-A4CA-6B5BC2C0D817}.AppStore|iPhoneSimulator.Deploy.0 = Release|x86
		{2F659DDF-554A-4C05-A4CA-6B5BC2C0D817}.AppStore|x64.ActiveCfg = Release|x64
		{2F659DDF-554A-4C05-A4CA-6B5BC2C0D817}.AppStore|x64.Build.0 = Release|x64
		{2F659DDF-554A-4C05-A4CA-6B5BC2C0D817}.AppStore|x64.Deploy.0 = Release|x64
		{2F659DDF-554A-4C05-A4CA-6B5BC2C0D817}.AppStore|x86.ActiveCfg = Release|x86
		{2F659DDF-554A-4C05-A4CA-6B5BC2C0D817}.AppStore|x86.Build.0 = Release|x86
		{2F659DDF-554A-4C05-A4CA-6B5BC2C0D817}.AppStore|x86.Deploy.0 = Release|x86
		{2F659DDF-554A-4C05-A4CA-6B5BC2C0D817}.Debug|Any CPU.ActiveCfg = Debug|x86
		{2F659DDF-554A-4C05-A4CA-6B5BC2C0D817}.Debug|Any CPU.Build.0 = Debug|x86
		{2F659DDF-554A-4C05-A4CA-6B5BC2C0D817}.Debug|Any CPU.Deploy.0 = Debug|x86
		{2F659DDF-554A-4C05-A4CA-6B5BC2C0D817}.Debug|ARM.ActiveCfg = Debug|ARM
		{2F659DDF-554A-4C05-A4CA-6B5BC2C0D817}.Debug|ARM.Build.0 = Debug|ARM
		{2F659DDF-554A-4C05-A4CA-6B5BC2C0D817}.Debug|ARM.Deploy.0 = Debug|ARM
		{2F659DDF-554A-4C05-A4CA-6B5BC2C0D817}.Debug|iPhone.ActiveCfg = Debug|x86
		{2F659DDF-554A-4C05-A4CA-6B5BC2C0D817}.Debug|iPhone.Build.0 = Debug|x86
		{2F659DDF-554A-4C05-A4CA-6B5BC2C0D817}.Debug|iPhone.Deploy.0 = Debug|x86
		{2F659DDF-554A-4C05-A4CA-6B5BC2C0D817}.Debug|iPhoneSimulator.ActiveCfg = Debug|x86
		{2F659DDF-554A-4C05-A4CA-6B5BC2C0D817}.Debug|iPhoneSimulator.Build.0 = Debug|x86
		{2F659DDF-554A-4C05-A4CA-6B5BC2C0D817}.Debug|iPhoneSimulator.Deploy.0 = Debug|x86
		{2F659DDF-554A-4C05-A4CA-6B5BC2C0D817}.Debug|x64.ActiveCfg = Debug|x64
		{2F659DDF-554A-4C05-A4CA-6B5BC2C0D817}.Debug|x64.Build.0 = Debug|x64
		{2F659DDF-554A-4C05-A4CA-6B5BC2C0D817}.Debug|x64.Deploy.0 = Debug|x64
		{2F659DDF-554A-4C05-A4CA-6B5BC2C0D817}.Debug|x86.ActiveCfg = Debug|x86
		{2F659DDF-554A-4C05-A4CA-6B5BC2C0D817}.Debug|x86.Build.0 = Debug|x86
		{2F659DDF-554A-4C05-A4CA-6B5BC2C0D817}.Debug|x86.Deploy.0 = Debug|x86
		{2F659DDF-554A-4C05-A4CA-6B5BC2C0D817}.Release|Any CPU.ActiveCfg = Release|x86
		{2F659DDF-554A-4C05-A4CA-6B5BC2C0D817}.Release|Any CPU.Build.0 = Release|x86
		{2F659DDF-554A-4C05-A4CA-6B5BC2C0D817}.Release|Any CPU.Deploy.0 = Release|x86
		{2F659DDF-554A-4C05-A4CA-6B5BC2C0D817}.Release|ARM.ActiveCfg = Release|ARM
		{2F659DDF-554A-4C05-A4CA-6B5BC2C0D817}.Release|ARM.Build.0 = Release|ARM
		{2F659DDF-554A-4C05-A4CA-6B5BC2C0D817}.Release|ARM.Deploy.0 = Release|ARM
		{2F659DDF-554A-4C05-A4CA-6B5BC2C0D817}.Release|iPhone.ActiveCfg = Release|x86
		{2F659DDF-554A-4C05-A4CA-6B5BC2C0D817}.Release|iPhone.Build.0 = Release|x86
		{2F659DDF-554A-4C05-A4CA-6B5BC2C0D817}.Release|iPhone.Deploy.0 = Release|x86
		{2F659DDF-554A-4C05-A4CA-6B5BC2C0D817}.Release|iPhoneSimulator.ActiveCfg = Release|x86
		{2F659DDF-554A-4C05-A4CA-6B5BC2C0D817}.Release|iPhoneSimulator.Build.0 = Release|x86
		{2F659DDF-554A-4C05-A4CA-6B5BC2C0D817}.Release|iPhoneSimulator.Deploy.0 = Release|x86
		{2F659DDF-554A-4C05-A4CA-6B5BC2C0D817}.Release|x64.ActiveCfg = Release|x64
		{2F659DDF-554A-4C05-A4CA-6B5BC2C0D817}.Release|x64.Build.0 = Release|x64
		{2F659DDF-554A-4C05-A4CA-6B5BC2C0D817}.Release|x64.Deploy.0 = Release|x64
		{2F659DDF-554A-4C05-A4CA-6B5BC2C0D817}.Release|x86.ActiveCfg = Release|x86
		{2F659DDF-554A-4C05-A4CA-6B5BC2C0D817}.Release|x86.Build.0 = Release|x86
		{2F659DDF-554A-4C05-A4CA-6B5BC2C0D817}.Release|x86.Deploy.0 = Release|x86
		{454883A4-1497-4C09-8854-3A16A6B1AC84}.Ad-Hoc|Any CPU.ActiveCfg = Debug|Any CPU
		{454883A4-1497-4C09-8854-3A16A6B1AC84}.Ad-Hoc|Any CPU.Build.0 = Debug|Any CPU
		{454883A4-1497-4C09-8854-3A16A6B1AC84}.Ad-Hoc|Any CPU.Deploy.0 = Debug|Any CPU
		{454883A4-1497-4C09-8854-3A16A6B1AC84}.Ad-Hoc|ARM.ActiveCfg = Debug|Any CPU
		{454883A4-1497-4C09-8854-3A16A6B1AC84}.Ad-Hoc|ARM.Build.0 = Debug|Any CPU
		{454883A4-1497-4C09-8854-3A16A6B1AC84}.Ad-Hoc|ARM.Deploy.0 = Debug|Any CPU
		{454883A4-1497-4C09-8854-3A16A6B1AC84}.Ad-Hoc|iPhone.ActiveCfg = Debug|Any CPU
		{454883A4-1497-4C09-8854-3A16A6B1AC84}.Ad-Hoc|iPhone.Build.0 = Debug|Any CPU
		{454883A4-1497-4C09-8854-3A16A6B1AC84}.Ad-Hoc|iPhone.Deploy.0 = Debug|Any CPU
		{454883A4-1497-4C09-8854-3A16A6B1AC84}.Ad-Hoc|iPhoneSimulator.ActiveCfg = Debug|Any CPU
		{454883A4-1497-4C09-8854-3A16A6B1AC84}.Ad-Hoc|iPhoneSimulator.Build.0 = Debug|Any CPU
		{454883A4-1497-4C09-8854-3A16A6B1AC84}.Ad-Hoc|iPhoneSimulator.Deploy.0 = Debug|Any CPU
		{454883A4-1497-4C09-8854-3A16A6B1AC84}.Ad-Hoc|x64.ActiveCfg = Debug|Any CPU
		{454883A4-1497-4C09-8854-3A16A6B1AC84}.Ad-Hoc|x64.Build.0 = Debug|Any CPU
		{454883A4-1497-4C09-8854-3A16A6B1AC84}.Ad-Hoc|x64.Deploy.0 = Debug|Any CPU
		{454883A4-1497-4C09-8854-3A16A6B1AC84}.Ad-Hoc|x86.ActiveCfg = Debug|Any CPU
		{454883A4-1497-4C09-8854-3A16A6B1AC84}.Ad-Hoc|x86.Build.0 = Debug|Any CPU
		{454883A4-1497-4C09-8854-3A16A6B1AC84}.Ad-Hoc|x86.Deploy.0 = Debug|Any CPU
		{454883A4-1497-4C09-8854-3A16A6B1AC84}.AppStore|Any CPU.ActiveCfg = Debug|Any CPU
		{454883A4-1497-4C09-8854-3A16A6B1AC84}.AppStore|Any CPU.Build.0 = Debug|Any CPU
		{454883A4-1497-4C09-8854-3A16A6B1AC84}.AppStore|Any CPU.Deploy.0 = Debug|Any CPU
		{454883A4-1497-4C09-8854-3A16A6B1AC84}.AppStore|ARM.ActiveCfg = Debug|Any CPU
		{454883A4-1497-4C09-8854-3A16A6B1AC84}.AppStore|ARM.Build.0 = Debug|Any CPU
		{454883A4-1497-4C09-8854-3A16A6B1AC84}.AppStore|ARM.Deploy.0 = Debug|Any CPU
		{454883A4-1497-4C09-8854-3A16A6B1AC84}.AppStore|iPhone.ActiveCfg = Debug|Any CPU
		{454883A4-1497-4C09-8854-3A16A6B1AC84}.AppStore|iPhone.Build.0 = Debug|Any CPU
		{454883A4-1497-4C09-8854-3A16A6B1AC84}.AppStore|iPhone.Deploy.0 = Debug|Any CPU
		{454883A4-1497-4C09-8854-3A16A6B1AC84}.AppStore|iPhoneSimulator.ActiveCfg = Debug|Any CPU
		{454883A4-1497-4C09-8854-3A16A6B1AC84}.AppStore|iPhoneSimulator.Build.0 = Debug|Any CPU
		{454883A4-1497-4C09-8854-3A16A6B1AC84}.AppStore|iPhoneSimulator.Deploy.0 = Debug|Any CPU
		{454883A4-1497-4C09-8854-3A16A6B1AC84}.AppStore|x64.ActiveCfg = Debug|Any CPU
		{454883A4-1497-4C09-8854-3A16A6B1AC84}.AppStore|x64.Build.0 = Debug|Any CPU
		{454883A4-1497-4C09-8854-3A16A6B1AC84}.AppStore|x64.Deploy.0 = Debug|Any CPU
		{454883A4-1497-4C09-8854-3A16A6B1AC84}.AppStore|x86.ActiveCfg = Debug|Any CPU
		{454883A4-1497-4C09-8854-3A16A6B1AC84}.AppStore|x86.Build.0 = Debug|Any CPU
		{454883A4-1497-4C09-8854-3A16A6B1AC84}.AppStore|x86.Deploy.0 = Debug|Any CPU
		{454883A4-1497-4C09-8854-3A16A6B1AC84}.Debug|Any CPU.ActiveCfg = Debug|Any CPU
		{454883A4-1497-4C09-8854-3A16A6B1AC84}.Debug|Any CPU.Build.0 = Debug|Any CPU
		{454883A4-1497-4C09-8854-3A16A6B1AC84}.Debug|Any CPU.Deploy.0 = Debug|Any CPU
		{454883A4-1497-4C09-8854-3A16A6B1AC84}.Debug|ARM.ActiveCfg = Debug|Any CPU
		{454883A4-1497-4C09-8854-3A16A6B1AC84}.Debug|ARM.Build.0 = Debug|Any CPU
		{454883A4-1497-4C09-8854-3A16A6B1AC84}.Debug|ARM.Deploy.0 = Debug|Any CPU
		{454883A4-1497-4C09-8854-3A16A6B1AC84}.Debug|iPhone.ActiveCfg = Debug|Any CPU
		{454883A4-1497-4C09-8854-3A16A6B1AC84}.Debug|iPhone.Build.0 = Debug|Any CPU
		{454883A4-1497-4C09-8854-3A16A6B1AC84}.Debug|iPhone.Deploy.0 = Debug|Any CPU
		{454883A4-1497-4C09-8854-3A16A6B1AC84}.Debug|iPhoneSimulator.ActiveCfg = Debug|Any CPU
		{454883A4-1497-4C09-8854-3A16A6B1AC84}.Debug|iPhoneSimulator.Build.0 = Debug|Any CPU
		{454883A4-1497-4C09-8854-3A16A6B1AC84}.Debug|iPhoneSimulator.Deploy.0 = Debug|Any CPU
		{454883A4-1497-4C09-8854-3A16A6B1AC84}.Debug|x64.ActiveCfg = Debug|Any CPU
		{454883A4-1497-4C09-8854-3A16A6B1AC84}.Debug|x64.Build.0 = Debug|Any CPU
		{454883A4-1497-4C09-8854-3A16A6B1AC84}.Debug|x64.Deploy.0 = Debug|Any CPU
		{454883A4-1497-4C09-8854-3A16A6B1AC84}.Debug|x86.ActiveCfg = Debug|Any CPU
		{454883A4-1497-4C09-8854-3A16A6B1AC84}.Debug|x86.Build.0 = Debug|Any CPU
		{454883A4-1497-4C09-8854-3A16A6B1AC84}.Debug|x86.Deploy.0 = Debug|Any CPU
		{454883A4-1497-4C09-8854-3A16A6B1AC84}.Release|Any CPU.ActiveCfg = Release|Any CPU
		{454883A4-1497-4C09-8854-3A16A6B1AC84}.Release|Any CPU.Build.0 = Release|Any CPU
		{454883A4-1497-4C09-8854-3A16A6B1AC84}.Release|Any CPU.Deploy.0 = Release|Any CPU
		{454883A4-1497-4C09-8854-3A16A6B1AC84}.Release|ARM.ActiveCfg = Release|Any CPU
		{454883A4-1497-4C09-8854-3A16A6B1AC84}.Release|ARM.Build.0 = Release|Any CPU
		{454883A4-1497-4C09-8854-3A16A6B1AC84}.Release|ARM.Deploy.0 = Release|Any CPU
		{454883A4-1497-4C09-8854-3A16A6B1AC84}.Release|iPhone.ActiveCfg = Release|Any CPU
		{454883A4-1497-4C09-8854-3A16A6B1AC84}.Release|iPhone.Build.0 = Release|Any CPU
		{454883A4-1497-4C09-8854-3A16A6B1AC84}.Release|iPhone.Deploy.0 = Release|Any CPU
		{454883A4-1497-4C09-8854-3A16A6B1AC84}.Release|iPhoneSimulator.ActiveCfg = Release|Any CPU
		{454883A4-1497-4C09-8854-3A16A6B1AC84}.Release|iPhoneSimulator.Build.0 = Release|Any CPU
		{454883A4-1497-4C09-8854-3A16A6B1AC84}.Release|iPhoneSimulator.Deploy.0 = Release|Any CPU
		{454883A4-1497-4C09-8854-3A16A6B1AC84}.Release|x64.ActiveCfg = Release|Any CPU
		{454883A4-1497-4C09-8854-3A16A6B1AC84}.Release|x64.Build.0 = Release|Any CPU
		{454883A4-1497-4C09-8854-3A16A6B1AC84}.Release|x64.Deploy.0 = Release|Any CPU
		{454883A4-1497-4C09-8854-3A16A6B1AC84}.Release|x86.ActiveCfg = Release|Any CPU
		{454883A4-1497-4C09-8854-3A16A6B1AC84}.Release|x86.Build.0 = Release|Any CPU
		{454883A4-1497-4C09-8854-3A16A6B1AC84}.Release|x86.Deploy.0 = Release|Any CPU
	EndGlobalSection
	GlobalSection(SolutionProperties) = preSolution
		HideSolutionNode = FALSE
	EndGlobalSection
	GlobalSection(ExtensibilityGlobals) = postSolution
		SolutionGuid = {90F67DDB-A739-467B-A3A4-768324872467}
	EndGlobalSection
EndGlobal
